// !$*UTF8*$!
{
	archiveVersion = 1;
	classes = {
	};
	objectVersion = 46;
	objects = {

/* Begin PBXBuildFile section */
		04B589AB1A9F226C00450AA3 /* AppDelegate.swift in Sources */ = {isa = PBXBuildFile; fileRef = 04B589AA1A9F226C00450AA3 /* AppDelegate.swift */; };
		04B589AD1A9F226C00450AA3 /* ViewController.swift in Sources */ = {isa = PBXBuildFile; fileRef = 04B589AC1A9F226C00450AA3 /* ViewController.swift */; };
		04B589B01A9F226C00450AA3 /* Main.storyboard in Resources */ = {isa = PBXBuildFile; fileRef = 04B589AE1A9F226C00450AA3 /* Main.storyboard */; };
		04B589B21A9F226C00450AA3 /* Images.xcassets in Resources */ = {isa = PBXBuildFile; fileRef = 04B589B11A9F226C00450AA3 /* Images.xcassets */; };
		04B589B51A9F226C00450AA3 /* LaunchScreen.xib in Resources */ = {isa = PBXBuildFile; fileRef = 04B589B31A9F226C00450AA3 /* LaunchScreen.xib */; };
		04B589C11A9F226C00450AA3 /* cropImageWithLib1Tests.swift in Sources */ = {isa = PBXBuildFile; fileRef = 04B589C01A9F226C00450AA3 /* cropImageWithLib1Tests.swift */; };
		04B589CE1A9F259500450AA3 /* ImageCropView.m in Sources */ = {isa = PBXBuildFile; fileRef = 04B589CD1A9F259500450AA3 /* ImageCropView.m */; };
		04B589D21A9F25CC00450AA3 /* FXBlurView.m in Sources */ = {isa = PBXBuildFile; fileRef = 04B589D11A9F25CC00450AA3 /* FXBlurView.m */; };
		04B589D41A9F27C900450AA3 /* 2.jpg in Resources */ = {isa = PBXBuildFile; fileRef = 04B589D31A9F27C900450AA3 /* 2.jpg */; };
/* End PBXBuildFile section */

/* Begin PBXContainerItemProxy section */
		04B589BB1A9F226C00450AA3 /* PBXContainerItemProxy */ = {
			isa = PBXContainerItemProxy;
			containerPortal = 04B5899D1A9F226B00450AA3 /* Project object */;
			proxyType = 1;
			remoteGlobalIDString = 04B589A41A9F226C00450AA3;
			remoteInfo = cropImageWithLib1;
		};
/* End PBXContainerItemProxy section */

/* Begin PBXFileReference section */
		04B589A51A9F226C00450AA3 /* cropImageWithLib1.app */ = {isa = PBXFileReference; explicitFileType = wrapper.application; includeInIndex = 0; path = cropImageWithLib1.app; sourceTree = BUILT_PRODUCTS_DIR; };
		04B589A91A9F226C00450AA3 /* Info.plist */ = {isa = PBXFileReference; lastKnownFileType = text.plist.xml; path = Info.plist; sourceTree = "<group>"; };
		04B589AA1A9F226C00450AA3 /* AppDelegate.swift */ = {isa = PBXFileReference; lastKnownFileType = sourcecode.swift; path = AppDelegate.swift; sourceTree = "<group>"; };
		04B589AC1A9F226C00450AA3 /* ViewController.swift */ = {isa = PBXFileReference; lastKnownFileType = sourcecode.swift; path = ViewController.swift; sourceTree = "<group>"; };
		04B589AF1A9F226C00450AA3 /* Base */ = {isa = PBXFileReference; lastKnownFileType = file.storyboard; name = Base; path = Base.lproj/Main.storyboard; sourceTree = "<group>"; };
		04B589B11A9F226C00450AA3 /* Images.xcassets */ = {isa = PBXFileReference; lastKnownFileType = folder.assetcatalog; path = Images.xcassets; sourceTree = "<group>"; };
		04B589B41A9F226C00450AA3 /* Base */ = {isa = PBXFileReference; lastKnownFileType = file.xib; name = Base; path = Base.lproj/LaunchScreen.xib; sourceTree = "<group>"; };
		04B589BA1A9F226C00450AA3 /* cropImageWithLib1Tests.xctest */ = {isa = PBXFileReference; explicitFileType = wrapper.cfbundle; includeInIndex = 0; path = cropImageWithLib1Tests.xctest; sourceTree = BUILT_PRODUCTS_DIR; };
		04B589BF1A9F226C00450AA3 /* Info.plist */ = {isa = PBXFileReference; lastKnownFileType = text.plist.xml; path = Info.plist; sourceTree = "<group>"; };
		04B589C01A9F226C00450AA3 /* cropImageWithLib1Tests.swift */ = {isa = PBXFileReference; lastKnownFileType = sourcecode.swift; path = cropImageWithLib1Tests.swift; sourceTree = "<group>"; };
		04B589CB1A9F259500450AA3 /* cropImageWithLib1-Bridging-Header.h */ = {isa = PBXFileReference; lastKnownFileType = sourcecode.c.h; path = "cropImageWithLib1-Bridging-Header.h"; sourceTree = "<group>"; };
		04B589CC1A9F259500450AA3 /* ImageCropView.h */ = {isa = PBXFileReference; fileEncoding = 4; lastKnownFileType = sourcecode.c.h; path = ImageCropView.h; sourceTree = "<group>"; };
		04B589CD1A9F259500450AA3 /* ImageCropView.m */ = {isa = PBXFileReference; fileEncoding = 4; lastKnownFileType = sourcecode.c.objc; path = ImageCropView.m; sourceTree = "<group>"; };
		04B589D01A9F25CC00450AA3 /* FXBlurView.h */ = {isa = PBXFileReference; fileEncoding = 4; lastKnownFileType = sourcecode.c.h; path = FXBlurView.h; sourceTree = "<group>"; };
		04B589D11A9F25CC00450AA3 /* FXBlurView.m */ = {isa = PBXFileReference; fileEncoding = 4; lastKnownFileType = sourcecode.c.objc; path = FXBlurView.m; sourceTree = "<group>"; };
		04B589D31A9F27C900450AA3 /* 2.jpg */ = {isa = PBXFileReference; lastKnownFileType = image.jpeg; path = 2.jpg; sourceTree = "<group>"; };
/* End PBXFileReference section */

/* Begin PBXFrameworksBuildPhase section */
		04B589A21A9F226C00450AA3 /* Frameworks */ = {
			isa = PBXFrameworksBuildPhase;
			buildActionMask = 2147483647;
			files = (
			);
			runOnlyForDeploymentPostprocessing = 0;
		};
		04B589B71A9F226C00450AA3 /* Frameworks */ = {
			isa = PBXFrameworksBuildPhase;
			buildActionMask = 2147483647;
			files = (
			);
			runOnlyForDeploymentPostprocessing = 0;
		};
/* End PBXFrameworksBuildPhase section */

/* Begin PBXGroup section */
		04B5899C1A9F226B00450AA3 = {
			isa = PBXGroup;
			children = (
				04B589A71A9F226C00450AA3 /* cropImageWithLib1 */,
				04B589BD1A9F226C00450AA3 /* cropImageWithLib1Tests */,
				04B589A61A9F226C00450AA3 /* Products */,
			);
			sourceTree = "<group>";
		};
		04B589A61A9F226C00450AA3 /* Products */ = {
			isa = PBXGroup;
			children = (
				04B589A51A9F226C00450AA3 /* cropImageWithLib1.app */,
				04B589BA1A9F226C00450AA3 /* cropImageWithLib1Tests.xctest */,
			);
			name = Products;
			sourceTree = "<group>";
		};
		04B589A71A9F226C00450AA3 /* cropImageWithLib1 */ = {
			isa = PBXGroup;
			children = (
				04B589CA1A9F258100450AA3 /* ImageCropView */,
				04B589AA1A9F226C00450AA3 /* AppDelegate.swift */,
				04B589AC1A9F226C00450AA3 /* ViewController.swift */,
				04B589AE1A9F226C00450AA3 /* Main.storyboard */,
				04B589B11A9F226C00450AA3 /* Images.xcassets */,
				04B589B31A9F226C00450AA3 /* LaunchScreen.xib */,
				04B589A81A9F226C00450AA3 /* Supporting Files */,
			);
			path = cropImageWithLib1;
			sourceTree = "<group>";
		};
		04B589A81A9F226C00450AA3 /* Supporting Files */ = {
			isa = PBXGroup;
			children = (
				04B589D31A9F27C900450AA3 /* 2.jpg */,
				04B589A91A9F226C00450AA3 /* Info.plist */,
			);
			name = "Supporting Files";
			sourceTree = "<group>";
		};
		04B589BD1A9F226C00450AA3 /* cropImageWithLib1Tests */ = {
			isa = PBXGroup;
			children = (
				04B589C01A9F226C00450AA3 /* cropImageWithLib1Tests.swift */,
				04B589BE1A9F226C00450AA3 /* Supporting Files */,
			);
			path = cropImageWithLib1Tests;
			sourceTree = "<group>";
		};
		04B589BE1A9F226C00450AA3 /* Supporting Files */ = {
			isa = PBXGroup;
			children = (
				04B589BF1A9F226C00450AA3 /* Info.plist */,
			);
			name = "Supporting Files";
			sourceTree = "<group>";
		};
		04B589CA1A9F258100450AA3 /* ImageCropView */ = {
			isa = PBXGroup;
			children = (
				04B589CF1A9F25CC00450AA3 /* FXBlurView */,
				04B589CC1A9F259500450AA3 /* ImageCropView.h */,
				04B589CD1A9F259500450AA3 /* ImageCropView.m */,
				04B589CB1A9F259500450AA3 /* cropImageWithLib1-Bridging-Header.h */,
			);
			name = ImageCropView;
			sourceTree = "<group>";
		};
		04B589CF1A9F25CC00450AA3 /* FXBlurView */ = {
			isa = PBXGroup;
			children = (
				04B589D01A9F25CC00450AA3 /* FXBlurView.h */,
				04B589D11A9F25CC00450AA3 /* FXBlurView.m */,
			);
			path = FXBlurView;
			sourceTree = "<group>";
		};
/* End PBXGroup section */

/* Begin PBXNativeTarget section */
		04B589A41A9F226C00450AA3 /* cropImageWithLib1 */ = {
			isa = PBXNativeTarget;
			buildConfigurationList = 04B589C41A9F226C00450AA3 /* Build configuration list for PBXNativeTarget "cropImageWithLib1" */;
			buildPhases = (
				04B589A11A9F226C00450AA3 /* Sources */,
				04B589A21A9F226C00450AA3 /* Frameworks */,
				04B589A31A9F226C00450AA3 /* Resources */,
			);
			buildRules = (
			);
			dependencies = (
			);
			name = cropImageWithLib1;
			productName = cropImageWithLib1;
			productReference = 04B589A51A9F226C00450AA3 /* cropImageWithLib1.app */;
			productType = "com.apple.product-type.application";
		};
		04B589B91A9F226C00450AA3 /* cropImageWithLib1Tests */ = {
			isa = PBXNativeTarget;
			buildConfigurationList = 04B589C71A9F226C00450AA3 /* Build configuration list for PBXNativeTarget "cropImageWithLib1Tests" */;
			buildPhases = (
				04B589B61A9F226C00450AA3 /* Sources */,
				04B589B71A9F226C00450AA3 /* Frameworks */,
				04B589B81A9F226C00450AA3 /* Resources */,
			);
			buildRules = (
			);
			dependencies = (
				04B589BC1A9F226C00450AA3 /* PBXTargetDependency */,
			);
			name = cropImageWithLib1Tests;
			productName = cropImageWithLib1Tests;
			productReference = 04B589BA1A9F226C00450AA3 /* cropImageWithLib1Tests.xctest */;
			productType = "com.apple.product-type.bundle.unit-test";
		};
/* End PBXNativeTarget section */

/* Begin PBXProject section */
		04B5899D1A9F226B00450AA3 /* Project object */ = {
			isa = PBXProject;
			attributes = {
				LastUpgradeCheck = 0610;
				ORGANIZATIONNAME = "Variya Soft Solutions";
				TargetAttributes = {
					04B589A41A9F226C00450AA3 = {
						CreatedOnToolsVersion = 6.1.1;
					};
					04B589B91A9F226C00450AA3 = {
						CreatedOnToolsVersion = 6.1.1;
						TestTargetID = 04B589A41A9F226C00450AA3;
					};
				};
			};
			buildConfigurationList = 04B589A01A9F226B00450AA3 /* Build configuration list for PBXProject "cropImageWithLib1" */;
			compatibilityVersion = "Xcode 3.2";
			developmentRegion = English;
			hasScannedForEncodings = 0;
			knownRegions = (
				en,
				Base,
			);
			mainGroup = 04B5899C1A9F226B00450AA3;
			productRefGroup = 04B589A61A9F226C00450AA3 /* Products */;
			projectDirPath = "";
			projectRoot = "";
			targets = (
				04B589A41A9F226C00450AA3 /* cropImageWithLib1 */,
				04B589B91A9F226C00450AA3 /* cropImageWithLib1Tests */,
			);
		};
/* End PBXProject section */

/* Begin PBXResourcesBuildPhase section */
		04B589A31A9F226C00450AA3 /* Resources */ = {
			isa = PBXResourcesBuildPhase;
			buildActionMask = 2147483647;
			files = (
				04B589B01A9F226C00450AA3 /* Main.storyboard in Resources */,
				04B589B51A9F226C00450AA3 /* LaunchScreen.xib in Resources */,
				04B589D41A9F27C900450AA3 /* 2.jpg in Resources */,
				04B589B21A9F226C00450AA3 /* Images.xcassets in Resources */,
			);
			runOnlyForDeploymentPostprocessing = 0;
		};
		04B589B81A9F226C00450AA3 /* Resources */ = {
			isa = PBXResourcesBuildPhase;
			buildActionMask = 2147483647;
			files = (
			);
			runOnlyForDeploymentPostprocessing = 0;
		};
/* End PBXResourcesBuildPhase section */

/* Begin PBXSourcesBuildPhase section */
		04B589A11A9F226C00450AA3 /* Sources */ = {
			isa = PBXSourcesBuildPhase;
			buildActionMask = 2147483647;
			files = (
				04B589CE1A9F259500450AA3 /* ImageCropView.m in Sources */,
				04B589D21A9F25CC00450AA3 /* FXBlurView.m in Sources */,
				04B589AD1A9F226C00450AA3 /* ViewController.swift in Sources */,
				04B589AB1A9F226C00450AA3 /* AppDelegate.swift in Sources */,
			);
			runOnlyForDeploymentPostprocessing = 0;
		};
		04B589B61A9F226C00450AA3 /* Sources */ = {
			isa = PBXSourcesBuildPhase;
			buildActionMask = 2147483647;
			files = (
				04B589C11A9F226C00450AA3 /* cropImageWithLib1Tests.swift in Sources */,
			);
			runOnlyForDeploymentPostprocessing = 0;
		};
/* End PBXSourcesBuildPhase section */

/* Begin PBXTargetDependency section */
		04B589BC1A9F226C00450AA3 /* PBXTargetDependency */ = {
			isa = PBXTargetDependency;
			target = 04B589A41A9F226C00450AA3 /* cropImageWithLib1 */;
			targetProxy = 04B589BB1A9F226C00450AA3 /* PBXContainerItemProxy */;
		};
/* End PBXTargetDependency section */

/* Begin PBXVariantGroup section */
		04B589AE1A9F226C00450AA3 /* Main.storyboard */ = {
			isa = PBXVariantGroup;
			children = (
				04B589AF1A9F226C00450AA3 /* Base */,
			);
			name = Main.storyboard;
			sourceTree = "<group>";
		};
		04B589B31A9F226C00450AA3 /* LaunchScreen.xib */ = {
			isa = PBXVariantGroup;
			children = (
				04B589B41A9F226C00450AA3 /* Base */,
			);
			name = LaunchScreen.xib;
			sourceTree = "<group>";
		};
/* End PBXVariantGroup section */

/* Begin XCBuildConfiguration section */
		04B589C21A9F226C00450AA3 /* Debug */ = {
			isa = XCBuildConfiguration;
			buildSettings = {
				ALWAYS_SEARCH_USER_PATHS = NO;
				CLANG_CXX_LANGUAGE_STANDARD = "gnu++0x";
				CLANG_CXX_LIBRARY = "libc++";
				CLANG_ENABLE_MODULES = YES;
				CLANG_ENABLE_OBJC_ARC = YES;
				CLANG_WARN_BOOL_CONVERSION = YES;
				CLANG_WARN_CONSTANT_CONVERSION = YES;
				CLANG_WARN_DIRECT_OBJC_ISA_USAGE = YES_ERROR;
				CLANG_WARN_EMPTY_BODY = YES;
				CLANG_WARN_ENUM_CONVERSION = YES;
				CLANG_WARN_INT_CONVERSION = YES;
				CLANG_WARN_OBJC_ROOT_CLASS = YES_ERROR;
				CLANG_WARN_UNREACHABLE_CODE = YES;
				CLANG_WARN__DUPLICATE_METHOD_MATCH = YES;
				"CODE_SIGN_IDENTITY[sdk=iphoneos*]" = "iPhone Developer";
				COPY_PHASE_STRIP = NO;
				ENABLE_STRICT_OBJC_MSGSEND = YES;
				GCC_C_LANGUAGE_STANDARD = gnu99;
				GCC_DYNAMIC_NO_PIC = NO;
				GCC_OPTIMIZATION_LEVEL = 0;
				GCC_PREPROCESSOR_DEFINITIONS = (
					"DEBUG=1",
					"$(inherited)",
				);
				GCC_SYMBOLS_PRIVATE_EXTERN = NO;
				GCC_WARN_64_TO_32_BIT_CONVERSION = YES;
				GCC_WARN_ABOUT_RETURN_TYPE = YES_ERROR;
				GCC_WARN_UNDECLARED_SELECTOR = YES;
				GCC_WARN_UNINITIALIZED_AUTOS = YES_AGGRESSIVE;
				GCC_WARN_UNUSED_FUNCTION = YES;
				GCC_WARN_UNUSED_VARIABLE = YES;
				IPHONEOS_DEPLOYMENT_TARGET = 8.1;
				MTL_ENABLE_DEBUG_INFO = YES;
				ONLY_ACTIVE_ARCH = YES;
				SDKROOT = iphoneos;
				SWIFT_OPTIMIZATION_LEVEL = "-Onone";
				TARGETED_DEVICE_FAMILY = "1,2";
			};
			name = Debug;
		};
		04B589C31A9F226C00450AA3 /* Release */ = {
			isa = XCBuildConfiguration;
			buildSettings = {
				ALWAYS_SEARCH_USER_PATHS = NO;
				CLANG_CXX_LANGUAGE_STANDARD = "gnu++0x";
				CLANG_CXX_LIBRARY = "libc++";
				CLANG_ENABLE_MODULES = YES;
				CLANG_ENABLE_OBJC_ARC = YES;
				CLANG_WARN_BOOL_CONVERSION = YES;
				CLANG_WARN_CONSTANT_CONVERSION = YES;
				CLANG_WARN_DIRECT_OBJC_ISA_USAGE = YES_ERROR;
				CLANG_WARN_EMPTY_BODY = YES;
				CLANG_WARN_ENUM_CONVERSION = YES;
				CLANG_WARN_INT_CONVERSION = YES;
				CLANG_WARN_OBJC_ROOT_CLASS = YES_ERROR;
				CLANG_WARN_UNREACHABLE_CODE = YES;
				CLANG_WARN__DUPLICATE_METHOD_MATCH = YES;
				"CODE_SIGN_IDENTITY[sdk=iphoneos*]" = "iPhone Developer";
				COPY_PHASE_STRIP = YES;
				ENABLE_NS_ASSERTIONS = NO;
				ENABLE_STRICT_OBJC_MSGSEND = YES;
				GCC_C_LANGUAGE_STANDARD = gnu99;
				GCC_WARN_64_TO_32_BIT_CONVERSION = YES;
				GCC_WARN_ABOUT_RETURN_TYPE = YES_ERROR;
				GCC_WARN_UNDECLARED_SELECTOR = YES;
				GCC_WARN_UNINITIALIZED_AUTOS = YES_AGGRESSIVE;
				GCC_WARN_UNUSED_FUNCTION = YES;
				GCC_WARN_UNUSED_VARIABLE = YES;
				IPHONEOS_DEPLOYMENT_TARGET = 8.1;
				MTL_ENABLE_DEBUG_INFO = NO;
				SDKROOT = iphoneos;
				TARGETED_DEVICE_FAMILY = "1,2";
				VALIDATE_PRODUCT = YES;
			};
			name = Release;
		};
		04B589C51A9F226C00450AA3 /* Debug */ = {
			isa = XCBuildConfiguration;
			buildSettings = {
				ASSETCATALOG_COMPILER_APPICON_NAME = AppIcon;
				CLANG_ENABLE_MODULES = YES;
				INFOPLIST_FILE = cropImageWithLib1/Info.plist;
				IPHONEOS_DEPLOYMENT_TARGET = 8.0;
				LD_RUNPATH_SEARCH_PATHS = "$(inherited) @executable_path/Frameworks";
				PRODUCT_NAME = "$(TARGET_NAME)";
				SWIFT_OBJC_BRIDGING_HEADER = "cropImageWithLib1/cropImageWithLib1-Bridging-Header.h";
				SWIFT_OPTIMIZATION_LEVEL = "-Onone";
			};
			name = Debug;
		};
		04B589C61A9F226C00450AA3 /* Release */ = {
			isa = XCBuildConfiguration;
			buildSettings = {
				ASSETCATALOG_COMPILER_APPICON_NAME = AppIcon;
				CLANG_ENABLE_MODULES = YES;
				INFOPLIST_FILE = cropImageWithLib1/Info.plist;
				IPHONEOS_DEPLOYMENT_TARGET = 8.0;
				LD_RUNPATH_SEARCH_PATHS = "$(inherited) @executable_path/Frameworks";
				PRODUCT_NAME = "$(TARGET_NAME)";
				SWIFT_OBJC_BRIDGING_HEADER = "cropImageWithLib1/cropImageWithLib1-Bridging-Header.h";
			};
			name = Release;
		};
		04B589C81A9F226C00450AA3 /* Debug */ = {
			isa = XCBuildConfiguration;
			buildSettings = {
				BUNDLE_LOADER = "$(TEST_HOST)";
				FRAMEWORK_SEARCH_PATHS = (
					"$(SDKROOT)/Developer/Library/Frameworks",
					"$(inherited)",
				);
				GCC_PREPROCESSOR_DEFINITIONS = (
					"DEBUG=1",
					"$(inherited)",
				);
				INFOPLIST_FILE = cropImageWithLib1Tests/Info.plist;
				LD_RUNPATH_SEARCH_PATHS = "$(inherited) @executable_path/Frameworks @loader_path/Frameworks";
				PRODUCT_NAME = "$(TARGET_NAME)";
				TEST_HOST = "$(BUILT_PRODUCTS_DIR)/cropImageWithLib1.app/cropImageWithLib1";
			};
			name = Debug;
		};
		04B589C91A9F226C00450AA3 /* Release */ = {
			isa = XCBuildConfiguration;
			buildSettings = {
				BUNDLE_LOADER = "$(TEST_HOST)";
				FRAMEWORK_SEARCH_PATHS = (
					"$(SDKROOT)/Developer/Library/Frameworks",
					"$(inherited)",
				);
				INFOPLIST_FILE = cropImageWithLib1Tests/Info.plist;
				LD_RUNPATH_SEARCH_PATHS = "$(inherited) @executable_path/Frameworks @loader_path/Frameworks";
				PRODUCT_NAME = "$(TARGET_NAME)";
				TEST_HOST = "$(BUILT_PRODUCTS_DIR)/cropImageWithLib1.app/cropImageWithLib1";
			};
			name = Release;
		};
/* End XCBuildConfiguration section */

/* Begin XCConfigurationList section */
		04B589A01A9F226B00450AA3 /* Build configuration list for PBXProject "cropImageWithLib1" */ = {
			isa = XCConfigurationList;
			buildConfigurations = (
				04B589C21A9F226C00450AA3 /* Debug */,
				04B589C31A9F226C00450AA3 /* Release */,
			);
			defaultConfigurationIsVisible = 0;
			defaultConfigurationName = Release;
		};
		04B589C41A9F226C00450AA3 /* Build configuration list for PBXNativeTarget "cropImageWithLib1" */ = {
			isa = XCConfigurationList;
			buildConfigurations = (
				04B589C51A9F226C00450AA3 /* Debug */,
				04B589C61A9F226C00450AA3 /* Release */,
			);
			defaultConfigurationIsVisible = 0;
			defaultConfigurationName = Release;
		};
		04B589C71A9F226C00450AA3 /* Build configuration list for PBXNativeTarget "cropImageWithLib1Tests" */ = {
			isa = XCConfigurationList;
			buildConfigurations = (
				04B589C81A9F226C00450AA3 /* Debug */,
				04B589C91A9F226C00450AA3 /* Release */,
			);
			defaultConfigurationIsVisible = 0;
			defaultConfigurationName = Release;
		};
/* End XCConfigurationList section */
	};
	rootObject = 04B5899D1A9F226B00450AA3 /* Project object */;
}
